Microsoft Visual Studio Solution File, Format Version 12.00
# Visual Studio Version 17
VisualStudioVersion = 17.5.2.0
MinimumVisualStudioVersion = 10.0.40219.1
Project("{FAE04EC0-301F-11D3-BF4B-00C04F79EFBC}") = "Quiz_5070_Kunakorn", "Quiz_5070_Kunakorn.csproj", "{9A85ABC9-12D3-4267-EBFE-90998DA2E868}"
EndProject
Global
	GlobalSection(SolutionConfigurationPlatforms) = preSolution
		Debug|Any CPU = Debug|Any CPU
		Release|Any CPU = Release|Any CPU
	EndGlobalSection
	GlobalSection(ProjectConfigurationPlatforms) = postSolution
		{9A85ABC9-12D3-4267-EBFE-90998DA2E868}.Debug|Any CPU.ActiveCfg = Debug|Any CPU
		{9A85ABC9-12D3-4267-EBFE-90998DA2E868}.Debug|Any CPU.Build.0 = Debug|Any CPU
		{9A85ABC9-12D3-4267-EBFE-90998DA2E868}.Release|Any CPU.ActiveCfg = Release|Any CPU
		{9A85ABC9-12D3-4267-EBFE-90998DA2E868}.Release|Any CPU.Build.0 = Release|Any CPU
	EndGlobalSection
	GlobalSection(SolutionProperties) = preSolution
		HideSolutionNode = FALSE
	EndGlobalSection
	GlobalSection(ExtensibilityGlobals) = postSolution
		SolutionGuid = {4159FFEC-0FB4-4E2E-9741-2FB24CA09B84}
	EndGlobalSection
EndGlobal
